
Microsoft Visual Studio Solution File, Format Version 12.00
# Visual Studio Version 16
VisualStudioVersion = 16.0.31911.196
MinimumVisualStudioVersion = 10.0.40219.1
Project("{FAE04EC0-301F-11D3-BF4B-00C04F79EFBC}") = "BanzHow", "BanzHow\BanzHow.csproj", "{245D16B8-840F-4AC7-9DB4-D766CDA3DB9B}"
EndProject
Global
	GlobalSection(SolutionConfigurationPlatforms) = preSolution
		Debug|Any CPU = Debug|Any CPU
		Release|Any CPU = Release|Any CPU
	EndGlobalSection
	GlobalSection(ProjectConfigurationPlatforms) = postSolution
		{245D16B8-840F-4AC7-9DB4-D766CDA3DB9B}.Debug|Any CPU.ActiveCfg = Debug|Any CPU
		{245D16B8-840F-4AC7-9DB4-D766CDA3DB9B}.Debug|Any CPU.Build.0 = Debug|Any CPU
		{245D16B8-840F-4AC7-9DB4-D766CDA3DB9B}.Release|Any CPU.ActiveCfg = Release|Any CPU
		{245D16B8-840F-4AC7-9DB4-D766CDA3DB9B}.Release|Any CPU.Build.0 = Release|Any CPU
	EndGlobalSection
	GlobalSection(SolutionProperties) = preSolution
		HideSolutionNode = FALSE
	EndGlobalSection
	GlobalSection(ExtensibilityGlobals) = postSolution
		SolutionGuid = {9599C9B6-93D0-4249-8B08-199A0A00FDEA}
	EndGlobalSection
EndGlobal
